
Microsoft Visual Studio Solution File, Format Version 12.00
# Visual Studio 15
VisualStudioVersion = 15.0.28307.489
MinimumVisualStudioVersion = 10.0.40219.1
Project("{FAE04EC0-301F-11D3-BF4B-00C04F79EFBC}") = "KonusarakOgren", "KonusarakOgren\KonusarakOgren.csproj", "{AF35133C-ED6C-421B-80E0-785B9AA145DD}"
EndProject
Global
	GlobalSection(SolutionConfigurationPlatforms) = preSolution
		Debug|Any CPU = Debug|Any CPU
		Release|Any CPU = Release|Any CPU
	EndGlobalSection
	GlobalSection(ProjectConfigurationPlatforms) = postSolution
		{AF35133C-ED6C-421B-80E0-785B9AA145DD}.Debug|Any CPU.ActiveCfg = Debug|Any CPU
		{AF35133C-ED6C-421B-80E0-785B9AA145DD}.Debug|Any CPU.Build.0 = Debug|Any CPU
		{AF35133C-ED6C-421B-80E0-785B9AA145DD}.Release|Any CPU.ActiveCfg = Release|Any CPU
		{AF35133C-ED6C-421B-80E0-785B9AA145DD}.Release|Any CPU.Build.0 = Release|Any CPU
	EndGlobalSection
	GlobalSection(SolutionProperties) = preSolution
		HideSolutionNode = FALSE
	EndGlobalSection
	GlobalSection(ExtensibilityGlobals) = postSolution
		SolutionGuid = {3C33F194-1C19-4FB5-927F-75EDA133E4DB}
	EndGlobalSection
EndGlobal
